{
  "version": 4,
  "terraform_version": "1.2.3",
  "serial": 1,
  "lineage": "32bedfda-5893-6020-0548-38a6408a83c3",
  "outputs": {},
  "resources": [
    {
      "mode": "managed",
      "type": "azurerm_virtual_machine",
      "name": "main",
      "provider": "provider[\"registry.terraform.io/hashicorp/azurerm\"]",
      "instances": [
        {
          "schema_version": 0,
          "attributes": {
            "additional_capabilities": [],
            "availability_set_id": null,
            "boot_diagnostics": [],
            "delete_data_disks_on_termination": null,
            "delete_os_disk_on_termination": null,
            "id": "/subscriptions/6df4d7c6-6c9a-4bd7-9fb7-1ed4c593b5b8/resourceGroups/func_app/providers/Microsoft.Compute/virtualMachines/Linux1",
            "identity": [],
            "license_type": null,
            "location": "eastus2",
            "name": "Linux1",
            "network_interface_ids": [
              "/subscriptions/6df4d7c6-6c9a-4bd7-9fb7-1ed4c593b5b8/resourceGroups/func_app/providers/Microsoft.Network/networkInterfaces/linux1838"
            ],
            "os_profile": [
              {
                "admin_password": "Password@123",
                "admin_username": "azureuser",
                "computer_name": "Linux1",
                "custom_data": ""
              }
            ],
            "os_profile_linux_config": [
              {
                "disable_password_authentication": false,
                "ssh_keys": []
              }
            ],
            "os_profile_secrets": [],
            "os_profile_windows_config": [],
            "plan": [],
            "primary_network_interface_id": null,
            "proximity_placement_group_id": null,
            "resource_group_name": "func_app",
            "storage_data_disk": [],
            "storage_image_reference": [
              {
                "id": "",
                "offer": "0001-com-ubuntu-server-focal",
                "publisher": "canonical",
                "sku": "20_04-lts-gen2",
                "version": "latest"
              }
            ],
            "storage_os_disk": [
              {
                "caching": "ReadWrite",
                "create_option": "FromImage",
                "disk_size_gb": 30,
                "image_uri": "",
                "managed_disk_id": "/subscriptions/6df4d7c6-6c9a-4bd7-9fb7-1ed4c593b5b8/resourceGroups/func_app/providers/Microsoft.Compute/disks/Linux1_OsDisk_1_8b8a01c093464e5a90567d2698e2ecaf",
                "managed_disk_type": "Standard_LRS",
                "name": "Linux1_OsDisk_1_8b8a01c093464e5a90567d2698e2ecaf",
                "os_type": "Linux",
                "vhd_uri": "",
                "write_accelerator_enabled": false
              }
            ],
            "tags": {},
            "timeouts": {
              "create": null,
              "delete": null,
              "read": null,
              "update": null
            },
            "vm_size": "Standard_DC1s_v3",
            "zones": []
          },
          "sensitive_attributes": [],
          "private": "eyJlMmJmYjczMC1lY2FhLTExZTYtOGY4OC0zNDM2M2JjN2M0YzAiOnsiY3JlYXRlIjozNjAwMDAwMDAwMDAwLCJkZWxldGUiOjM2MDAwMDAwMDAwMDAsInJlYWQiOjMwMDAwMDAwMDAwMCwidXBkYXRlIjozNjAwMDAwMDAwMDAwfSwic2NoZW1hX3ZlcnNpb24iOiIwIn0="
        }
      ]
    }
  ]
}
